{
  "name": "preview-tool",
  "version": "0.0.0",
  "lockfileVersion": 3,
  "requires": true,
  "packages": {
    "": {
      "name": "preview-tool",
      "version": "0.0.0",
      "dependencies": {
        "@c3x/cli": "^0.1.1"
      }
    },
    "node_modules/@c3x/cli": {
      "version": "0.1.1",
      "resolved": "https://registry.npmjs.org/@c3x/cli/-/cli-0.1.1.tgz",
      "integrity": "sha512-97qcLLwIQ8Jqaye9Lbd1W9hkeChumjjN+HHEmMSs1/SrbG8xqSJLYJclREOk+RGf4znbHvrpOyZ1dvEoLG3Uww==",
      "license": "MIT",
      "bin": {
        "c3x": "dist/cli.mjs"
      },
      "engines": {
        "node": ">=18"
      }
    }
  }
}
